# THIS IS AN AUTOGENERATED FILE. DO NOT EDIT THIS FILE DIRECTLY.
# yarn lockfile v1


"@types/mock-fs@^4.13.1":
  version "4.13.1"
  resolved "https://registry.yarnpkg.com/@types/mock-fs/-/mock-fs-4.13.1.tgz#9201554ceb23671badbfa8ac3f1fa9e0706305be"
  integrity sha512-m6nFAJ3lBSnqbvDZioawRvpLXSaPyn52Srf7OfzjubYbYX8MTUdIgDxQl0wEapm4m/pNYSd9TXocpQ0TvZFlYA==
  dependencies:
    "@types/node" "*"

"@types/node@*":
  version "16.3.0"
  resolved "https://registry.yarnpkg.com/@types/node/-/node-16.3.0.tgz#1836664e4fad13b51b07eb6e882a53925e6543c4"
  integrity sha512-OydMCocGMGqw/1BnWbhtK+AtwyWTOigtrQlRe57OQmTNcI3HKlVI5FGlh+c4mSqInMPLynFrTlYjfajPu9O/eQ==

"@types/node@^15.14.0":
  version "15.14.0"
  resolved "https://registry.yarnpkg.com/@types/node/-/node-15.14.0.tgz#74dbf254fb375551a9d2a71faf6b9dbc2178dc53"
  integrity sha512-um/+/ip3QZmwLfIkWZSNtQIJNVAqrJ92OkLMeuZrjZMTAJniI7fh8N8OICyDhAJ2mzgk/fmYFo72jRr5HyZ1EQ==

mock-fs@^5.0.0:
  version "5.0.0"
  resolved "https://registry.yarnpkg.com/mock-fs/-/mock-fs-5.0.0.tgz#5574520ac824c01a10091bf951c66f677c71acaa"
  integrity sha512-A5mm/SpSDwwc/klSaEvvKMGQQtiGiQy8UcDAd/vpVO1fV+4zaHjt39yKgCSErFzv2zYxZIUx9Ud/7ybeHBf8Fg==

typescript@^4.3.5:
  version "4.3.5"
  resolved "https://registry.yarnpkg.com/typescript/-/typescript-4.3.5.tgz#4d1c37cc16e893973c45a06886b7113234f119f4"
  integrity sha512-DqQgihaQ9cUrskJo9kIyW/+g0Vxsk8cDtZ52a3NGh0YNTfpUSArXSohyUGnvbPazEPLu398C0UxmKSOrPumUzA==
